
Microsoft Visual Studio Solution File, Format Version 12.00
# Visual Studio Version 17
VisualStudioVersion = 17.7.34024.191
MinimumVisualStudioVersion = 10.0.40219.1
Project("{FAE04EC0-301F-11D3-BF4B-00C04F79EFBC}") = "Calc", "Calc\Calc.csproj", "{FF3AADB7-01E3-4FBD-8899-6A9DD4DEF6FD}"
EndProject
Global
	GlobalSection(SolutionConfigurationPlatforms) = preSolution
		Debug|Any CPU = Debug|Any CPU
		Release|Any CPU = Release|Any CPU
	EndGlobalSection
	GlobalSection(ProjectConfigurationPlatforms) = postSolution
		{FF3AADB7-01E3-4FBD-8899-6A9DD4DEF6FD}.Debug|Any CPU.ActiveCfg = Debug|Any CPU
		{FF3AADB7-01E3-4FBD-8899-6A9DD4DEF6FD}.Debug|Any CPU.Build.0 = Debug|Any CPU
		{FF3AADB7-01E3-4FBD-8899-6A9DD4DEF6FD}.Release|Any CPU.ActiveCfg = Release|Any CPU
		{FF3AADB7-01E3-4FBD-8899-6A9DD4DEF6FD}.Release|Any CPU.Build.0 = Release|Any CPU
	EndGlobalSection
	GlobalSection(SolutionProperties) = preSolution
		HideSolutionNode = FALSE
	EndGlobalSection
	GlobalSection(ExtensibilityGlobals) = postSolution
		SolutionGuid = {7DF9F6C5-C0EB-4079-9686-486A153C3F03}
	EndGlobalSection
EndGlobal
